
Microsoft Visual Studio Solution File, Format Version 11.00
# Visual Studio 2010
# SharpDevelop 4.3
Project("{FAE04EC0-301F-11D3-BF4B-00C04F79EFBC}") = "Analizador_Lexico", "Analizador_Lexico\Analizador_Lexico.csproj", "{4F92BD4E-6294-4832-AEA2-743DB955918B}"
EndProject
Global
	GlobalSection(SolutionConfigurationPlatforms) = preSolution
		Debug|Any CPU = Debug|Any CPU
		Release|Any CPU = Release|Any CPU
	EndGlobalSection
	GlobalSection(ProjectConfigurationPlatforms) = postSolution
		{4F92BD4E-6294-4832-AEA2-743DB955918B}.Debug|Any CPU.Build.0 = Debug|Any CPU
		{4F92BD4E-6294-4832-AEA2-743DB955918B}.Debug|Any CPU.ActiveCfg = Debug|Any CPU
		{4F92BD4E-6294-4832-AEA2-743DB955918B}.Release|Any CPU.Build.0 = Release|Any CPU
		{4F92BD4E-6294-4832-AEA2-743DB955918B}.Release|Any CPU.ActiveCfg = Release|Any CPU
	EndGlobalSection
EndGlobal
